dependencies:
  NMEA2000:
    component_hash: 10623a9f05d253abba2dfa57aa17c4139dd9ac1adf23616d57692d2836b87afe
    source:
      git: https://github.com/phatpaul/NMEA2000.git
      path: .
      type: git
    version: e5e75edf96db59058daaea4c2f9b4dc457e7a664
  NMEA2000_esp32:
    component_hash: 12e491bd32b987b62f6deb03e65fa6091e932542d0c9819408a44c43d616660b
    source:
      git: https://github.com/phatpaul/NMEA2000_esp32.git
      path: .
      type: git
    version: 2a22c3c1640bdada58a474a0d2789f86a58ec73d
  RadioLib:
    component_hash: 15b021e33447e575b432464e8ed7fe3156492c0605e4636cd71b33bdf6cd4330
    source:
      git: https://github.com/jgromes/RadioLib.git
      path: .
      type: git
    version: 5e9b60a4b42c9bdde4b56e63f2b92ceef1e03c20
  idf:
    component_hash: null
    source:
      type: idf
    version: 5.0.1
  robusto-base:
    component_hash: 464cfd68ff5dc8f8d7242fef3fc6ee397ab2ea36630d00a8ee46772ded3f4eb6
    source:
      git: https://github.com/nicklasb/RobArch.git
      path: components/robusto-base
      type: git
    version: 1821f0f481062c636b27fd9241355b468dad58d3
  robusto-concurrency:
    component_hash: 48531da888568131f0c97de1d7b1ee99175e6ecb4850b346592b22a3b2bec480
    source:
      git: https://github.com/nicklasb/RobArch.git
      path: components/robusto-concurrency
      type: git
    version: 1821f0f481062c636b27fd9241355b468dad58d3
  robusto-network:
    component_hash: ca955899607f14cbd656ad56be8d8c1c0342651aa9e1d60a32d4e7ad94b08be7
    source:
      git: https://github.com/nicklasb/RobArch.git
      path: components/robusto-network
      type: git
    version: 1821f0f481062c636b27fd9241355b468dad58d3
manifest_hash: 989560b335cef422612689d3d31ae919ed6c57f1e29268888b1f6a8333f48584
target: esp32
version: 1.0.0
